
Microsoft Visual Studio Solution File, Format Version 12.00
# Visual Studio Version 17
VisualStudioVersion = 17.5.33212.413
MinimumVisualStudioVersion = 10.0.40219.1
Project("{FAE04EC0-301F-11D3-BF4B-00C04F79EFBC}") = "BindGetSetAfter701.Server", "BindGetSetAfter701\Server\BindGetSetAfter701.Server.csproj", "{5CD1443B-72DA-411D-A290-403C1611FF14}"
EndProject
Project("{FAE04EC0-301F-11D3-BF4B-00C04F79EFBC}") = "BindGetSetAfter701.Client", "BindGetSetAfter701\Client\BindGetSetAfter701.Client.csproj", "{0A80C141-F378-4E21-8EC4-D75C3FA1EC00}"
EndProject
Project("{FAE04EC0-301F-11D3-BF4B-00C04F79EFBC}") = "BindGetSetAfter701.Shared", "BindGetSetAfter701\Shared\BindGetSetAfter701.Shared.csproj", "{2BD7B8E8-BBF8-4816-B9E2-521BC240460E}"
EndProject
Global
	GlobalSection(SolutionConfigurationPlatforms) = preSolution
		Debug|Any CPU = Debug|Any CPU
		Release|Any CPU = Release|Any CPU
	EndGlobalSection
	GlobalSection(ProjectConfigurationPlatforms) = postSolution
		{5CD1443B-72DA-411D-A290-403C1611FF14}.Debug|Any CPU.ActiveCfg = Debug|Any CPU
		{5CD1443B-72DA-411D-A290-403C1611FF14}.Debug|Any CPU.Build.0 = Debug|Any CPU
		{5CD1443B-72DA-411D-A290-403C1611FF14}.Release|Any CPU.ActiveCfg = Release|Any CPU
		{5CD1443B-72DA-411D-A290-403C1611FF14}.Release|Any CPU.Build.0 = Release|Any CPU
		{0A80C141-F378-4E21-8EC4-D75C3FA1EC00}.Debug|Any CPU.ActiveCfg = Debug|Any CPU
		{0A80C141-F378-4E21-8EC4-D75C3FA1EC00}.Debug|Any CPU.Build.0 = Debug|Any CPU
		{0A80C141-F378-4E21-8EC4-D75C3FA1EC00}.Release|Any CPU.ActiveCfg = Release|Any CPU
		{0A80C141-F378-4E21-8EC4-D75C3FA1EC00}.Release|Any CPU.Build.0 = Release|Any CPU
		{2BD7B8E8-BBF8-4816-B9E2-521BC240460E}.Debug|Any CPU.ActiveCfg = Debug|Any CPU
		{2BD7B8E8-BBF8-4816-B9E2-521BC240460E}.Debug|Any CPU.Build.0 = Debug|Any CPU
		{2BD7B8E8-BBF8-4816-B9E2-521BC240460E}.Release|Any CPU.ActiveCfg = Release|Any CPU
		{2BD7B8E8-BBF8-4816-B9E2-521BC240460E}.Release|Any CPU.Build.0 = Release|Any CPU
	EndGlobalSection
	GlobalSection(SolutionProperties) = preSolution
		HideSolutionNode = FALSE
	EndGlobalSection
	GlobalSection(ExtensibilityGlobals) = postSolution
		SolutionGuid = {42082C93-74D4-4070-A2BF-719EECED9E5C}
	EndGlobalSection
EndGlobal
